
Microsoft Visual Studio Solution File, Format Version 12.00
# Visual Studio Version 17
VisualStudioVersion = 17.0.31919.166
MinimumVisualStudioVersion = 10.0.40219.1
Project("{8BC9CEB8-8B4A-11D0-8D11-00A0C91BC942}") = "Program to Count the Number of Digits", "Program to Count the Number of Digits\Program to Count the Number of Digits.vcxproj", "{94F2E300-EB40-47B8-A2CE-A9E1978CD9D1}"
EndProject
Global
	GlobalSection(SolutionConfigurationPlatforms) = preSolution
		Debug|x64 = Debug|x64
		Debug|x86 = Debug|x86
		Release|x64 = Release|x64
		Release|x86 = Release|x86
	EndGlobalSection
	GlobalSection(ProjectConfigurationPlatforms) = postSolution
		{94F2E300-EB40-47B8-A2CE-A9E1978CD9D1}.Debug|x64.ActiveCfg = Debug|x64
		{94F2E300-EB40-47B8-A2CE-A9E1978CD9D1}.Debug|x64.Build.0 = Debug|x64
		{94F2E300-EB40-47B8-A2CE-A9E1978CD9D1}.Debug|x86.ActiveCfg = Debug|Win32
		{94F2E300-EB40-47B8-A2CE-A9E1978CD9D1}.Debug|x86.Build.0 = Debug|Win32
		{94F2E300-EB40-47B8-A2CE-A9E1978CD9D1}.Release|x64.ActiveCfg = Release|x64
		{94F2E300-EB40-47B8-A2CE-A9E1978CD9D1}.Release|x64.Build.0 = Release|x64
		{94F2E300-EB40-47B8-A2CE-A9E1978CD9D1}.Release|x86.ActiveCfg = Release|Win32
		{94F2E300-EB40-47B8-A2CE-A9E1978CD9D1}.Release|x86.Build.0 = Release|Win32
	EndGlobalSection
	GlobalSection(SolutionProperties) = preSolution
		HideSolutionNode = FALSE
	EndGlobalSection
	GlobalSection(ExtensibilityGlobals) = postSolution
		SolutionGuid = {7C12B7CB-5CBD-4A1F-800A-1B05A048354D}
	EndGlobalSection
EndGlobal
